
Microsoft Visual Studio Solution File, Format Version 12.00
# Visual Studio Version 17
VisualStudioVersion = 17.2.32519.379
MinimumVisualStudioVersion = 10.0.40219.1
Project("{FAE04EC0-301F-11D3-BF4B-00C04F79EFBC}") = "Projekt-Semestralny", "Projekt-Semestralny\Projekt-Semestralny.csproj", "{51AA673C-6581-4DC6-8D7F-4C29A41799A8}"
EndProject
Global
	GlobalSection(SolutionConfigurationPlatforms) = preSolution
		Debug|Any CPU = Debug|Any CPU
		Release|Any CPU = Release|Any CPU
	EndGlobalSection
	GlobalSection(ProjectConfigurationPlatforms) = postSolution
		{51AA673C-6581-4DC6-8D7F-4C29A41799A8}.Debug|Any CPU.ActiveCfg = Debug|Any CPU
		{51AA673C-6581-4DC6-8D7F-4C29A41799A8}.Debug|Any CPU.Build.0 = Debug|Any CPU
		{51AA673C-6581-4DC6-8D7F-4C29A41799A8}.Release|Any CPU.ActiveCfg = Release|Any CPU
		{51AA673C-6581-4DC6-8D7F-4C29A41799A8}.Release|Any CPU.Build.0 = Release|Any CPU
	EndGlobalSection
	GlobalSection(SolutionProperties) = preSolution
		HideSolutionNode = FALSE
	EndGlobalSection
	GlobalSection(ExtensibilityGlobals) = postSolution
		SolutionGuid = {5B32186F-D2F2-41B8-84A9-711AB2D8301E}
	EndGlobalSection
EndGlobal
